
Microsoft Visual Studio Solution File, Format Version 12.00
# Visual Studio Version 17
VisualStudioVersion = 17.4.33110.190
MinimumVisualStudioVersion = 10.0.40219.1
Project("{FAE04EC0-301F-11D3-BF4B-00C04F79EFBC}") = "Tip Calculator", "Tip Calculator\Tip Calculator.csproj", "{F82BB290-EAEE-445D-98D7-90C5D7F468D1}"
EndProject
Global
	GlobalSection(SolutionConfigurationPlatforms) = preSolution
		Debug|Any CPU = Debug|Any CPU
		Release|Any CPU = Release|Any CPU
	EndGlobalSection
	GlobalSection(ProjectConfigurationPlatforms) = postSolution
		{F82BB290-EAEE-445D-98D7-90C5D7F468D1}.Debug|Any CPU.ActiveCfg = Debug|Any CPU
		{F82BB290-EAEE-445D-98D7-90C5D7F468D1}.Debug|Any CPU.Build.0 = Debug|Any CPU
		{F82BB290-EAEE-445D-98D7-90C5D7F468D1}.Release|Any CPU.ActiveCfg = Release|Any CPU
		{F82BB290-EAEE-445D-98D7-90C5D7F468D1}.Release|Any CPU.Build.0 = Release|Any CPU
	EndGlobalSection
	GlobalSection(SolutionProperties) = preSolution
		HideSolutionNode = FALSE
	EndGlobalSection
	GlobalSection(ExtensibilityGlobals) = postSolution
		SolutionGuid = {7EA6354C-1F8C-491E-B746-37A74A1E4289}
	EndGlobalSection
EndGlobal
